
Microsoft Visual Studio Solution File, Format Version 12.00
# Visual Studio Version 17
VisualStudioVersion = 17.5.33103.201
MinimumVisualStudioVersion = 10.0.40219.1
Project("{9A19103F-16F7-4668-BE54-9A1E7A4F7556}") = "BasicGameGodot", "BasicGameGodot.csproj", "{5264E5D4-C4C4-4FE5-AC27-9D1B28F343FC}"
EndProject
Global
	GlobalSection(SolutionConfigurationPlatforms) = preSolution
		Debug|Any CPU = Debug|Any CPU
		ExportDebug|Any CPU = ExportDebug|Any CPU
		ExportRelease|Any CPU = ExportRelease|Any CPU
	EndGlobalSection
	GlobalSection(ProjectConfigurationPlatforms) = postSolution
		{5264E5D4-C4C4-4FE5-AC27-9D1B28F343FC}.Debug|Any CPU.ActiveCfg = Debug|Any CPU
		{5264E5D4-C4C4-4FE5-AC27-9D1B28F343FC}.Debug|Any CPU.Build.0 = Debug|Any CPU
		{5264E5D4-C4C4-4FE5-AC27-9D1B28F343FC}.ExportDebug|Any CPU.ActiveCfg = ExportDebug|Any CPU
		{5264E5D4-C4C4-4FE5-AC27-9D1B28F343FC}.ExportDebug|Any CPU.Build.0 = ExportDebug|Any CPU
		{5264E5D4-C4C4-4FE5-AC27-9D1B28F343FC}.ExportRelease|Any CPU.ActiveCfg = ExportRelease|Any CPU
		{5264E5D4-C4C4-4FE5-AC27-9D1B28F343FC}.ExportRelease|Any CPU.Build.0 = ExportRelease|Any CPU
	EndGlobalSection
	GlobalSection(SolutionProperties) = preSolution
		HideSolutionNode = FALSE
	EndGlobalSection
	GlobalSection(ExtensibilityGlobals) = postSolution
		SolutionGuid = {C7330C89-4D2E-4D48-9CFB-0E1CDC0FCBE7}
	EndGlobalSection
EndGlobal
